
Microsoft Visual Studio Solution File, Format Version 12.00
# Visual Studio Version 16
VisualStudioVersion = 16.0.29613.14
MinimumVisualStudioVersion = 10.0.40219.1
Project("{9A19103F-16F7-4668-BE54-9A1E7A4F7556}") = "CategoriesService", "ProiectCC\CategoriesService.csproj", "{27365672-B05B-4307-B336-D54E907B3E36}"
EndProject
Project("{9A19103F-16F7-4668-BE54-9A1E7A4F7556}") = "ExpensesService", "ExpensesService\ExpensesService.csproj", "{CEE69B2E-9111-42BF-9EEF-3157E8733F2A}"
EndProject
Project("{9A19103F-16F7-4668-BE54-9A1E7A4F7556}") = "CoreModels", "CoreModels\CoreModels.csproj", "{DF757B34-0986-4825-8D94-966A42B6E4F1}"
EndProject
Project("{9A19103F-16F7-4668-BE54-9A1E7A4F7556}") = "CoreDatabase", "CoreDatabase\CoreDatabase.csproj", "{0F8EFB1B-C56E-4B88-8A84-8E764CD33983}"
EndProject
Project("{FAE04EC0-301F-11D3-BF4B-00C04F79EFBC}") = "AuthService", "AuthService\AuthService.csproj", "{9D72CFFD-67BD-463F-B6DA-8705BAE9E3E0}"
EndProject
Project("{E53339B2-1760-4266-BCC7-CA923CBCF16C}") = "docker-compose", "docker-compose.dcproj", "{57359580-5C36-4318-B456-EA9CB62541EA}"
EndProject
Global
	GlobalSection(SolutionConfigurationPlatforms) = preSolution
		Debug|Any CPU = Debug|Any CPU
		Release|Any CPU = Release|Any CPU
	EndGlobalSection
	GlobalSection(ProjectConfigurationPlatforms) = postSolution
		{27365672-B05B-4307-B336-D54E907B3E36}.Debug|Any CPU.ActiveCfg = Debug|Any CPU
		{27365672-B05B-4307-B336-D54E907B3E36}.Debug|Any CPU.Build.0 = Debug|Any CPU
		{27365672-B05B-4307-B336-D54E907B3E36}.Release|Any CPU.ActiveCfg = Release|Any CPU
		{27365672-B05B-4307-B336-D54E907B3E36}.Release|Any CPU.Build.0 = Release|Any CPU
		{CEE69B2E-9111-42BF-9EEF-3157E8733F2A}.Debug|Any CPU.ActiveCfg = Debug|Any CPU
		{CEE69B2E-9111-42BF-9EEF-3157E8733F2A}.Debug|Any CPU.Build.0 = Debug|Any CPU
		{CEE69B2E-9111-42BF-9EEF-3157E8733F2A}.Release|Any CPU.ActiveCfg = Release|Any CPU
		{CEE69B2E-9111-42BF-9EEF-3157E8733F2A}.Release|Any CPU.Build.0 = Release|Any CPU
		{DF757B34-0986-4825-8D94-966A42B6E4F1}.Debug|Any CPU.ActiveCfg = Debug|Any CPU
		{DF757B34-0986-4825-8D94-966A42B6E4F1}.Debug|Any CPU.Build.0 = Debug|Any CPU
		{DF757B34-0986-4825-8D94-966A42B6E4F1}.Release|Any CPU.ActiveCfg = Release|Any CPU
		{DF757B34-0986-4825-8D94-966A42B6E4F1}.Release|Any CPU.Build.0 = Release|Any CPU
		{0F8EFB1B-C56E-4B88-8A84-8E764CD33983}.Debug|Any CPU.ActiveCfg = Debug|Any CPU
		{0F8EFB1B-C56E-4B88-8A84-8E764CD33983}.Debug|Any CPU.Build.0 = Debug|Any CPU
		{0F8EFB1B-C56E-4B88-8A84-8E764CD33983}.Release|Any CPU.ActiveCfg = Release|Any CPU
		{0F8EFB1B-C56E-4B88-8A84-8E764CD33983}.Release|Any CPU.Build.0 = Release|Any CPU
		{9D72CFFD-67BD-463F-B6DA-8705BAE9E3E0}.Debug|Any CPU.ActiveCfg = Debug|Any CPU
		{9D72CFFD-67BD-463F-B6DA-8705BAE9E3E0}.Debug|Any CPU.Build.0 = Debug|Any CPU
		{9D72CFFD-67BD-463F-B6DA-8705BAE9E3E0}.Release|Any CPU.ActiveCfg = Release|Any CPU
		{9D72CFFD-67BD-463F-B6DA-8705BAE9E3E0}.Release|Any CPU.Build.0 = Release|Any CPU
		{57359580-5C36-4318-B456-EA9CB62541EA}.Debug|Any CPU.ActiveCfg = Debug|Any CPU
		{57359580-5C36-4318-B456-EA9CB62541EA}.Debug|Any CPU.Build.0 = Debug|Any CPU
		{57359580-5C36-4318-B456-EA9CB62541EA}.Release|Any CPU.ActiveCfg = Release|Any CPU
		{57359580-5C36-4318-B456-EA9CB62541EA}.Release|Any CPU.Build.0 = Release|Any CPU
	EndGlobalSection
	GlobalSection(SolutionProperties) = preSolution
		HideSolutionNode = FALSE
	EndGlobalSection
	GlobalSection(ExtensibilityGlobals) = postSolution
		SolutionGuid = {48543453-AA6C-4C83-95D4-F588BAB5D04D}
	EndGlobalSection
EndGlobal
